
Microsoft Visual Studio Solution File, Format Version 12.00
# Visual Studio Version 17
VisualStudioVersion = 17.4.33122.133
MinimumVisualStudioVersion = 10.0.40219.1
Project("{FAE04EC0-301F-11D3-BF4B-00C04F79EFBC}") = "ChatProgram_ClientSide_Wpf", "ChatProgram_ClientSide_Wpf\ChatProgram_ClientSide_Wpf.csproj", "{6B3A2486-79BB-4368-A498-A3BA24CFCB7A}"
EndProject
Global
	GlobalSection(SolutionConfigurationPlatforms) = preSolution
		Debug|Any CPU = Debug|Any CPU
		Release|Any CPU = Release|Any CPU
	EndGlobalSection
	GlobalSection(ProjectConfigurationPlatforms) = postSolution
		{6B3A2486-79BB-4368-A498-A3BA24CFCB7A}.Debug|Any CPU.ActiveCfg = Debug|Any CPU
		{6B3A2486-79BB-4368-A498-A3BA24CFCB7A}.Debug|Any CPU.Build.0 = Debug|Any CPU
		{6B3A2486-79BB-4368-A498-A3BA24CFCB7A}.Release|Any CPU.ActiveCfg = Release|Any CPU
		{6B3A2486-79BB-4368-A498-A3BA24CFCB7A}.Release|Any CPU.Build.0 = Release|Any CPU
	EndGlobalSection
	GlobalSection(SolutionProperties) = preSolution
		HideSolutionNode = FALSE
	EndGlobalSection
	GlobalSection(ExtensibilityGlobals) = postSolution
		SolutionGuid = {B7ADF34B-A457-4126-8F66-F22B0ED43F55}
	EndGlobalSection
EndGlobal
